
Microsoft Visual Studio Solution File, Format Version 12.00
# Visual Studio Version 16
VisualStudioVersion = 16.0.28803.202
MinimumVisualStudioVersion = 10.0.40219.1
Project("{FAE04EC0-301F-11D3-BF4B-00C04F79EFBC}") = "OrderRule.Discount", "OrderRule.Discount\OrderRule.Discount.csproj", "{5499063F-2723-4766-A661-0A58F523CCC6}"
EndProject
Project("{FAE04EC0-301F-11D3-BF4B-00C04F79EFBC}") = "OrderRule.NameBadge", "OrderRule.NameBadge\OrderRule.NameBadge.csproj", "{31F7E42F-1EBA-4DBA-A435-929B52724A78}"
EndProject
Project("{FAE04EC0-301F-11D3-BF4B-00C04F79EFBC}") = "OrderRule.Quantity", "OrderRule.Quantity\OrderRule.Quantity.csproj", "{DAC51512-D6F3-45B0-9DF0-3B413DFD39AD}"
EndProject
Global
	GlobalSection(SolutionConfigurationPlatforms) = preSolution
		Debug|Any CPU = Debug|Any CPU
		Release|Any CPU = Release|Any CPU
	EndGlobalSection
	GlobalSection(ProjectConfigurationPlatforms) = postSolution
		{5499063F-2723-4766-A661-0A58F523CCC6}.Debug|Any CPU.ActiveCfg = Debug|Any CPU
		{5499063F-2723-4766-A661-0A58F523CCC6}.Debug|Any CPU.Build.0 = Debug|Any CPU
		{5499063F-2723-4766-A661-0A58F523CCC6}.Release|Any CPU.ActiveCfg = Release|Any CPU
		{5499063F-2723-4766-A661-0A58F523CCC6}.Release|Any CPU.Build.0 = Release|Any CPU
		{31F7E42F-1EBA-4DBA-A435-929B52724A78}.Debug|Any CPU.ActiveCfg = Debug|Any CPU
		{31F7E42F-1EBA-4DBA-A435-929B52724A78}.Debug|Any CPU.Build.0 = Debug|Any CPU
		{31F7E42F-1EBA-4DBA-A435-929B52724A78}.Release|Any CPU.ActiveCfg = Release|Any CPU
		{31F7E42F-1EBA-4DBA-A435-929B52724A78}.Release|Any CPU.Build.0 = Release|Any CPU
		{DAC51512-D6F3-45B0-9DF0-3B413DFD39AD}.Debug|Any CPU.ActiveCfg = Debug|Any CPU
		{DAC51512-D6F3-45B0-9DF0-3B413DFD39AD}.Debug|Any CPU.Build.0 = Debug|Any CPU
		{DAC51512-D6F3-45B0-9DF0-3B413DFD39AD}.Release|Any CPU.ActiveCfg = Release|Any CPU
		{DAC51512-D6F3-45B0-9DF0-3B413DFD39AD}.Release|Any CPU.Build.0 = Release|Any CPU
	EndGlobalSection
	GlobalSection(SolutionProperties) = preSolution
		HideSolutionNode = FALSE
	EndGlobalSection
	GlobalSection(ExtensibilityGlobals) = postSolution
		SolutionGuid = {B5434EB3-DE8C-43D2-A519-B473EE1A9594}
	EndGlobalSection
EndGlobal
