
Microsoft Visual Studio Solution File, Format Version 12.00
# Visual Studio Version 16
VisualStudioVersion = 16.0.28803.202
MinimumVisualStudioVersion = 10.0.40219.1
Project("{FAE04EC0-301F-11D3-BF4B-00C04F79EFBC}") = "ReflectionDangers.WPF", "ReflectionDangers.WPF\ReflectionDangers.WPF.csproj", "{7DD92E41-2188-4B30-9DF9-C01D2CA782C3}"
EndProject
Global
	GlobalSection(SolutionConfigurationPlatforms) = preSolution
		Debug|Any CPU = Debug|Any CPU
		Release|Any CPU = Release|Any CPU
	EndGlobalSection
	GlobalSection(ProjectConfigurationPlatforms) = postSolution
		{7DD92E41-2188-4B30-9DF9-C01D2CA782C3}.Debug|Any CPU.ActiveCfg = Debug|Any CPU
		{7DD92E41-2188-4B30-9DF9-C01D2CA782C3}.Debug|Any CPU.Build.0 = Debug|Any CPU
		{7DD92E41-2188-4B30-9DF9-C01D2CA782C3}.Release|Any CPU.ActiveCfg = Release|Any CPU
		{7DD92E41-2188-4B30-9DF9-C01D2CA782C3}.Release|Any CPU.Build.0 = Release|Any CPU
	EndGlobalSection
	GlobalSection(SolutionProperties) = preSolution
		HideSolutionNode = FALSE
	EndGlobalSection
	GlobalSection(ExtensibilityGlobals) = postSolution
		SolutionGuid = {3BC5D177-EAAD-43D4-BBBA-EDD921462549}
	EndGlobalSection
EndGlobal
